
Microsoft Visual Studio Solution File, Format Version 12.00
# Visual Studio Version 17
VisualStudioVersion = 17.5.33627.172
MinimumVisualStudioVersion = 10.0.40219.1
Project("{FAE04EC0-301F-11D3-BF4B-00C04F79EFBC}") = "LoanCalculators", "LoanCalculators.csproj", "{28B95FA7-B7CF-49F3-976B-0E2929330493}"
EndProject
Global
	GlobalSection(SolutionConfigurationPlatforms) = preSolution
		Debug|Any CPU = Debug|Any CPU
		Release|Any CPU = Release|Any CPU
	EndGlobalSection
	GlobalSection(ProjectConfigurationPlatforms) = postSolution
		{28B95FA7-B7CF-49F3-976B-0E2929330493}.Debug|Any CPU.ActiveCfg = Debug|Any CPU
		{28B95FA7-B7CF-49F3-976B-0E2929330493}.Debug|Any CPU.Build.0 = Debug|Any CPU
		{28B95FA7-B7CF-49F3-976B-0E2929330493}.Release|Any CPU.ActiveCfg = Release|Any CPU
		{28B95FA7-B7CF-49F3-976B-0E2929330493}.Release|Any CPU.Build.0 = Release|Any CPU
	EndGlobalSection
	GlobalSection(SolutionProperties) = preSolution
		HideSolutionNode = FALSE
	EndGlobalSection
	GlobalSection(ExtensibilityGlobals) = postSolution
		SolutionGuid = {563C60D1-22AA-408E-9938-1F48D7C0D4EA}
	EndGlobalSection
EndGlobal
